
Microsoft Visual Studio Solution File, Format Version 12.00
# Visual Studio Version 17
VisualStudioVersion = 17.8.34511.84
MinimumVisualStudioVersion = 10.0.40219.1
Project("{FAE04EC0-301F-11D3-BF4B-00C04F79EFBC}") = "Myfirstapplication", "Myfirstapplication\Myfirstapplication.csproj", "{33E89959-0B16-472F-8E57-B25484B48E2C}"
EndProject
Global
	GlobalSection(SolutionConfigurationPlatforms) = preSolution
		Debug|Any CPU = Debug|Any CPU
		Release|Any CPU = Release|Any CPU
	EndGlobalSection
	GlobalSection(ProjectConfigurationPlatforms) = postSolution
		{33E89959-0B16-472F-8E57-B25484B48E2C}.Debug|Any CPU.ActiveCfg = Debug|Any CPU
		{33E89959-0B16-472F-8E57-B25484B48E2C}.Debug|Any CPU.Build.0 = Debug|Any CPU
		{33E89959-0B16-472F-8E57-B25484B48E2C}.Release|Any CPU.ActiveCfg = Release|Any CPU
		{33E89959-0B16-472F-8E57-B25484B48E2C}.Release|Any CPU.Build.0 = Release|Any CPU
	EndGlobalSection
	GlobalSection(SolutionProperties) = preSolution
		HideSolutionNode = FALSE
	EndGlobalSection
	GlobalSection(ExtensibilityGlobals) = postSolution
		SolutionGuid = {D8A756CF-AA05-41CE-9253-4FB0F53037CE}
	EndGlobalSection
EndGlobal
